{
    "packages": [
        { "name": "symfony/http-kernel", "version": "v4.4.0" },
        { "name": "twig/twig", "version": "v2.14.0" },
        { "name": "doctrine/dbal", "version": "2.10.0" },
        { "name": "illuminate/database", "version": "v8.0.0" },
        { "name": "psr/log", "version": "1.1.0" },
        { "name": "nette/utils", "version": "v4.0.0" }
    ],
    "packages-dev": [
        { "name": "symfony/http-foundation", "version": "v4.4.0" },
        { "name": "phpunit/phpunit", "version": "9.5.0" }
    ]
}
